
Microsoft Visual Studio Solution File, Format Version 12.00
# Visual Studio Version 16
VisualStudioVersion = 16.0.30907.101
MinimumVisualStudioVersion = 10.0.40219.1
Project("{8BC9CEB8-8B4A-11D0-8D11-00A0C91BC942}") = "SmallQL", "SmallQL\SmallQL.vcxproj", "{82FEE9FC-EEF3-4513-B055-ABDDD8623373}"
EndProject
Global
	GlobalSection(SolutionConfigurationPlatforms) = preSolution
		Debug|x64 = Debug|x64
		Debug|x86 = Debug|x86
		Release|x64 = Release|x64
		Release|x86 = Release|x86
	EndGlobalSection
	GlobalSection(ProjectConfigurationPlatforms) = postSolution
		{82FEE9FC-EEF3-4513-B055-ABDDD8623373}.Debug|x64.ActiveCfg = Debug|x64
		{82FEE9FC-EEF3-4513-B055-ABDDD8623373}.Debug|x64.Build.0 = Debug|x64
		{82FEE9FC-EEF3-4513-B055-ABDDD8623373}.Debug|x86.ActiveCfg = Debug|Win32
		{82FEE9FC-EEF3-4513-B055-ABDDD8623373}.Debug|x86.Build.0 = Debug|Win32
		{82FEE9FC-EEF3-4513-B055-ABDDD8623373}.Release|x64.ActiveCfg = Release|x64
		{82FEE9FC-EEF3-4513-B055-ABDDD8623373}.Release|x64.Build.0 = Release|x64
		{82FEE9FC-EEF3-4513-B055-ABDDD8623373}.Release|x86.ActiveCfg = Release|Win32
		{82FEE9FC-EEF3-4513-B055-ABDDD8623373}.Release|x86.Build.0 = Release|Win32
	EndGlobalSection
	GlobalSection(SolutionProperties) = preSolution
		HideSolutionNode = FALSE
	EndGlobalSection
	GlobalSection(ExtensibilityGlobals) = postSolution
		SolutionGuid = {2EE1CCB8-A0D0-47A4-960B-1030921D6D61}
	EndGlobalSection
EndGlobal
